// !$*UTF8*$!
{
	archiveVersion = 1;
	classes = {
	};
	objectVersion = 55;
	objects = {

/* Begin PBXBuildFile section */
		757A75B827C12B8500178236 /* AppDelegate.swift in Sources */ = {isa = PBXBuildFile; fileRef = 757A75B727C12B8500178236 /* AppDelegate.swift */; };
		757A75BA27C12B8500178236 /* SceneDelegate.swift in Sources */ = {isa = PBXBuildFile; fileRef = 757A75B927C12B8500178236 /* SceneDelegate.swift */; };
		757A75BC27C12B8500178236 /* ViewController.swift in Sources */ = {isa = PBXBuildFile; fileRef = 757A75BB27C12B8500178236 /* ViewController.swift */; };
		757A75BF27C12B8500178236 /* Main.storyboard in Resources */ = {isa = PBXBuildFile; fileRef = 757A75BD27C12B8500178236 /* Main.storyboard */; };
		757A75C227C12B8500178236 /* CoreDataLesson.xcdatamodeld in Sources */ = {isa = PBXBuildFile; fileRef = 757A75C027C12B8500178236 /* CoreDataLesson.xcdatamodeld */; };
		757A75C427C12B8600178236 /* Assets.xcassets in Resources */ = {isa = PBXBuildFile; fileRef = 757A75C327C12B8600178236 /* Assets.xcassets */; };
		757A75C727C12B8600178236 /* LaunchScreen.storyboard in Resources */ = {isa = PBXBuildFile; fileRef = 757A75C527C12B8600178236 /* LaunchScreen.storyboard */; };
		757A75DB27C12D9300178236 /* Company+CoreDataClass.swift in Sources */ = {isa = PBXBuildFile; fileRef = 757A75D727C12D9300178236 /* Company+CoreDataClass.swift */; };
		757A75DC27C12D9300178236 /* Company+CoreDataProperties.swift in Sources */ = {isa = PBXBuildFile; fileRef = 757A75D827C12D9300178236 /* Company+CoreDataProperties.swift */; };
		757A75DD27C12D9300178236 /* User+CoreDataClass.swift in Sources */ = {isa = PBXBuildFile; fileRef = 757A75D927C12D9300178236 /* User+CoreDataClass.swift */; };
		757A75DE27C12D9300178236 /* User+CoreDataProperties.swift in Sources */ = {isa = PBXBuildFile; fileRef = 757A75DA27C12D9300178236 /* User+CoreDataProperties.swift */; };
		757A75E027C12FAD00178236 /* DataStoreManager.swift in Sources */ = {isa = PBXBuildFile; fileRef = 757A75DF27C12FAD00178236 /* DataStoreManager.swift */; };
/* End PBXBuildFile section */

/* Begin PBXFileReference section */
		757A75B427C12B8500178236 /* CoreDataLesson.app */ = {isa = PBXFileReference; explicitFileType = wrapper.application; includeInIndex = 0; path = CoreDataLesson.app; sourceTree = BUILT_PRODUCTS_DIR; };
		757A75B727C12B8500178236 /* AppDelegate.swift */ = {isa = PBXFileReference; lastKnownFileType = sourcecode.swift; path = AppDelegate.swift; sourceTree = "<group>"; };
		757A75B927C12B8500178236 /* SceneDelegate.swift */ = {isa = PBXFileReference; lastKnownFileType = sourcecode.swift; path = SceneDelegate.swift; sourceTree = "<group>"; };
		757A75BB27C12B8500178236 /* ViewController.swift */ = {isa = PBXFileReference; lastKnownFileType = sourcecode.swift; path = ViewController.swift; sourceTree = "<group>"; };
		757A75BE27C12B8500178236 /* Base */ = {isa = PBXFileReference; lastKnownFileType = file.storyboard; name = Base; path = Base.lproj/Main.storyboard; sourceTree = "<group>"; };
		757A75C127C12B8500178236 /* CoreDataLesson.xcdatamodel */ = {isa = PBXFileReference; lastKnownFileType = wrapper.xcdatamodel; path = CoreDataLesson.xcdatamodel; sourceTree = "<group>"; };
		757A75C327C12B8600178236 /* Assets.xcassets */ = {isa = PBXFileReference; lastKnownFileType = folder.assetcatalog; path = Assets.xcassets; sourceTree = "<group>"; };
		757A75C627C12B8600178236 /* Base */ = {isa = PBXFileReference; lastKnownFileType = file.storyboard; name = Base; path = Base.lproj/LaunchScreen.storyboard; sourceTree = "<group>"; };
		757A75C827C12B8600178236 /* Info.plist */ = {isa = PBXFileReference; lastKnownFileType = text.plist.xml; path = Info.plist; sourceTree = "<group>"; };
		757A75D727C12D9300178236 /* Company+CoreDataClass.swift */ = {isa = PBXFileReference; lastKnownFileType = sourcecode.swift; path = "Company+CoreDataClass.swift"; sourceTree = "<group>"; };
		757A75D827C12D9300178236 /* Company+CoreDataProperties.swift */ = {isa = PBXFileReference; lastKnownFileType = sourcecode.swift; path = "Company+CoreDataProperties.swift"; sourceTree = "<group>"; };
		757A75D927C12D9300178236 /* User+CoreDataClass.swift */ = {isa = PBXFileReference; lastKnownFileType = sourcecode.swift; path = "User+CoreDataClass.swift"; sourceTree = "<group>"; };
		757A75DA27C12D9300178236 /* User+CoreDataProperties.swift */ = {isa = PBXFileReference; lastKnownFileType = sourcecode.swift; path = "User+CoreDataProperties.swift"; sourceTree = "<group>"; };
		757A75DF27C12FAD00178236 /* DataStoreManager.swift */ = {isa = PBXFileReference; lastKnownFileType = sourcecode.swift; path = DataStoreManager.swift; sourceTree = "<group>"; };
/* End PBXFileReference section */

/* Begin PBXFrameworksBuildPhase section */
		757A75B127C12B8500178236 /* Frameworks */ = {
			isa = PBXFrameworksBuildPhase;
			buildActionMask = 2147483647;
			files = (
			);
			runOnlyForDeploymentPostprocessing = 0;
		};
/* End PBXFrameworksBuildPhase section */

/* Begin PBXGroup section */
		757A75AB27C12B8500178236 = {
			isa = PBXGroup;
			children = (
				757A75B627C12B8500178236 /* CoreDataLesson */,
				757A75B527C12B8500178236 /* Products */,
			);
			sourceTree = "<group>";
		};
		757A75B527C12B8500178236 /* Products */ = {
			isa = PBXGroup;
			children = (
				757A75B427C12B8500178236 /* CoreDataLesson.app */,
			);
			name = Products;
			sourceTree = "<group>";
		};
		757A75B627C12B8500178236 /* CoreDataLesson */ = {
			isa = PBXGroup;
			children = (
				757A75D627C12CB300178236 /* Models */,
				757A75B727C12B8500178236 /* AppDelegate.swift */,
				757A75B927C12B8500178236 /* SceneDelegate.swift */,
				757A75DF27C12FAD00178236 /* DataStoreManager.swift */,
				757A75BB27C12B8500178236 /* ViewController.swift */,
				757A75BD27C12B8500178236 /* Main.storyboard */,
				757A75C327C12B8600178236 /* Assets.xcassets */,
				757A75C527C12B8600178236 /* LaunchScreen.storyboard */,
				757A75C827C12B8600178236 /* Info.plist */,
				757A75C027C12B8500178236 /* CoreDataLesson.xcdatamodeld */,
			);
			path = CoreDataLesson;
			sourceTree = "<group>";
		};
		757A75D627C12CB300178236 /* Models */ = {
			isa = PBXGroup;
			children = (
				757A75D727C12D9300178236 /* Company+CoreDataClass.swift */,
				757A75D827C12D9300178236 /* Company+CoreDataProperties.swift */,
				757A75D927C12D9300178236 /* User+CoreDataClass.swift */,
				757A75DA27C12D9300178236 /* User+CoreDataProperties.swift */,
			);
			path = Models;
			sourceTree = "<group>";
		};
/* End PBXGroup section */

/* Begin PBXNativeTarget section */
		757A75B327C12B8500178236 /* CoreDataLesson */ = {
			isa = PBXNativeTarget;
			buildConfigurationList = 757A75CB27C12B8600178236 /* Build configuration list for PBXNativeTarget "CoreDataLesson" */;
			buildPhases = (
				757A75B027C12B8500178236 /* Sources */,
				757A75B127C12B8500178236 /* Frameworks */,
				757A75B227C12B8500178236 /* Resources */,
			);
			buildRules = (
			);
			dependencies = (
			);
			name = CoreDataLesson;
			productName = CoreDataLesson;
			productReference = 757A75B427C12B8500178236 /* CoreDataLesson.app */;
			productType = "com.apple.product-type.application";
		};
/* End PBXNativeTarget section */

/* Begin PBXProject section */
		757A75AC27C12B8500178236 /* Project object */ = {
			isa = PBXProject;
			attributes = {
				BuildIndependentTargetsInParallel = 1;
				LastSwiftUpdateCheck = 1320;
				LastUpgradeCheck = 1320;
				TargetAttributes = {
					757A75B327C12B8500178236 = {
						CreatedOnToolsVersion = 13.2.1;
					};
				};
			};
			buildConfigurationList = 757A75AF27C12B8500178236 /* Build configuration list for PBXProject "CoreDataLesson" */;
			compatibilityVersion = "Xcode 13.0";
			developmentRegion = en;
			hasScannedForEncodings = 0;
			knownRegions = (
				en,
				Base,
			);
			mainGroup = 757A75AB27C12B8500178236;
			productRefGroup = 757A75B527C12B8500178236 /* Products */;
			projectDirPath = "";
			projectRoot = "";
			targets = (
				757A75B327C12B8500178236 /* CoreDataLesson */,
			);
		};
/* End PBXProject section */

/* Begin PBXResourcesBuildPhase section */
		757A75B227C12B8500178236 /* Resources */ = {
			isa = PBXResourcesBuildPhase;
			buildActionMask = 2147483647;
			files = (
				757A75C727C12B8600178236 /* LaunchScreen.storyboard in Resources */,
				757A75C427C12B8600178236 /* Assets.xcassets in Resources */,
				757A75BF27C12B8500178236 /* Main.storyboard in Resources */,
			);
			runOnlyForDeploymentPostprocessing = 0;
		};
/* End PBXResourcesBuildPhase section */

/* Begin PBXSourcesBuildPhase section */
		757A75B027C12B8500178236 /* Sources */ = {
			isa = PBXSourcesBuildPhase;
			buildActionMask = 2147483647;
			files = (
				757A75BC27C12B8500178236 /* ViewController.swift in Sources */,
				757A75B827C12B8500178236 /* AppDelegate.swift in Sources */,
				757A75DE27C12D9300178236 /* User+CoreDataProperties.swift in Sources */,
				757A75DC27C12D9300178236 /* Company+CoreDataProperties.swift in Sources */,
				757A75C227C12B8500178236 /* CoreDataLesson.xcdatamodeld in Sources */,
				757A75BA27C12B8500178236 /* SceneDelegate.swift in Sources */,
				757A75DB27C12D9300178236 /* Company+CoreDataClass.swift in Sources */,
				757A75DD27C12D9300178236 /* User+CoreDataClass.swift in Sources */,
				757A75E027C12FAD00178236 /* DataStoreManager.swift in Sources */,
			);
			runOnlyForDeploymentPostprocessing = 0;
		};
/* End PBXSourcesBuildPhase section */

/* Begin PBXVariantGroup section */
		757A75BD27C12B8500178236 /* Main.storyboard */ = {
			isa = PBXVariantGroup;
			children = (
				757A75BE27C12B8500178236 /* Base */,
			);
			name = Main.storyboard;
			sourceTree = "<group>";
		};
		757A75C527C12B8600178236 /* LaunchScreen.storyboard */ = {
			isa = PBXVariantGroup;
			children = (
				757A75C627C12B8600178236 /* Base */,
			);
			name = LaunchScreen.storyboard;
			sourceTree = "<group>";
		};
/* End PBXVariantGroup section */

/* Begin XCBuildConfiguration section */
		757A75C927C12B8600178236 /* Debug */ = {
			isa = XCBuildConfiguration;
			buildSettings = {
				ALWAYS_SEARCH_USER_PATHS = NO;
				CLANG_ANALYZER_NONNULL = YES;
				CLANG_ANALYZER_NUMBER_OBJECT_CONVERSION = YES_AGGRESSIVE;
				CLANG_CXX_LANGUAGE_STANDARD = "gnu++17";
				CLANG_CXX_LIBRARY = "libc++";
				CLANG_ENABLE_MODULES = YES;
				CLANG_ENABLE_OBJC_ARC = YES;
				CLANG_ENABLE_OBJC_WEAK = YES;
				CLANG_WARN_BLOCK_CAPTURE_AUTORELEASING = YES;
				CLANG_WARN_BOOL_CONVERSION = YES;
				CLANG_WARN_COMMA = YES;
				CLANG_WARN_CONSTANT_CONVERSION = YES;
				CLANG_WARN_DEPRECATED_OBJC_IMPLEMENTATIONS = YES;
				CLANG_WARN_DIRECT_OBJC_ISA_USAGE = YES_ERROR;
				CLANG_WARN_DOCUMENTATION_COMMENTS = YES;
				CLANG_WARN_EMPTY_BODY = YES;
				CLANG_WARN_ENUM_CONVERSION = YES;
				CLANG_WARN_INFINITE_RECURSION = YES;
				CLANG_WARN_INT_CONVERSION = YES;
				CLANG_WARN_NON_LITERAL_NULL_CONVERSION = YES;
				CLANG_WARN_OBJC_IMPLICIT_RETAIN_SELF = YES;
				CLANG_WARN_OBJC_LITERAL_CONVERSION = YES;
				CLANG_WARN_OBJC_ROOT_CLASS = YES_ERROR;
				CLANG_WARN_QUOTED_INCLUDE_IN_FRAMEWORK_HEADER = YES;
				CLANG_WARN_RANGE_LOOP_ANALYSIS = YES;
				CLANG_WARN_STRICT_PROTOTYPES = YES;
				CLANG_WARN_SUSPICIOUS_MOVE = YES;
				CLANG_WARN_UNGUARDED_AVAILABILITY = YES_AGGRESSIVE;
				CLANG_WARN_UNREACHABLE_CODE = YES;
				CLANG_WARN__DUPLICATE_METHOD_MATCH = YES;
				COPY_PHASE_STRIP = NO;
				DEBUG_INFORMATION_FORMAT = dwarf;
				ENABLE_STRICT_OBJC_MSGSEND = YES;
				ENABLE_TESTABILITY = YES;
				GCC_C_LANGUAGE_STANDARD = gnu11;
				GCC_DYNAMIC_NO_PIC = NO;
				GCC_NO_COMMON_BLOCKS = YES;
				GCC_OPTIMIZATION_LEVEL = 0;
				GCC_PREPROCESSOR_DEFINITIONS = (
					"DEBUG=1",
					"$(inherited)",
				);
				GCC_WARN_64_TO_32_BIT_CONVERSION = YES;
				GCC_WARN_ABOUT_RETURN_TYPE = YES_ERROR;
				GCC_WARN_UNDECLARED_SELECTOR = YES;
				GCC_WARN_UNINITIALIZED_AUTOS = YES_AGGRESSIVE;
				GCC_WARN_UNUSED_FUNCTION = YES;
				GCC_WARN_UNUSED_VARIABLE = YES;
				IPHONEOS_DEPLOYMENT_TARGET = 15.2;
				MTL_ENABLE_DEBUG_INFO = INCLUDE_SOURCE;
				MTL_FAST_MATH = YES;
				ONLY_ACTIVE_ARCH = YES;
				SDKROOT = iphoneos;
				SWIFT_ACTIVE_COMPILATION_CONDITIONS = DEBUG;
				SWIFT_OPTIMIZATION_LEVEL = "-Onone";
			};
			name = Debug;
		};
		757A75CA27C12B8600178236 /* Release */ = {
			isa = XCBuildConfiguration;
			buildSettings = {
				ALWAYS_SEARCH_USER_PATHS = NO;
				CLANG_ANALYZER_NONNULL = YES;
				CLANG_ANALYZER_NUMBER_OBJECT_CONVERSION = YES_AGGRESSIVE;
				CLANG_CXX_LANGUAGE_STANDARD = "gnu++17";
				CLANG_CXX_LIBRARY = "libc++";
				CLANG_ENABLE_MODULES = YES;
				CLANG_ENABLE_OBJC_ARC = YES;
				CLANG_ENABLE_OBJC_WEAK = YES;
				CLANG_WARN_BLOCK_CAPTURE_AUTORELEASING = YES;
				CLANG_WARN_BOOL_CONVERSION = YES;
				CLANG_WARN_COMMA = YES;
				CLANG_WARN_CONSTANT_CONVERSION = YES;
				CLANG_WARN_DEPRECATED_OBJC_IMPLEMENTATIONS = YES;
				CLANG_WARN_DIRECT_OBJC_ISA_USAGE = YES_ERROR;
				CLANG_WARN_DOCUMENTATION_COMMENTS = YES;
				CLANG_WARN_EMPTY_BODY = YES;
				CLANG_WARN_ENUM_CONVERSION = YES;
				CLANG_WARN_INFINITE_RECURSION = YES;
				CLANG_WARN_INT_CONVERSION = YES;
				CLANG_WARN_NON_LITERAL_NULL_CONVERSION = YES;
				CLANG_WARN_OBJC_IMPLICIT_RETAIN_SELF = YES;
				CLANG_WARN_OBJC_LITERAL_CONVERSION = YES;
				CLANG_WARN_OBJC_ROOT_CLASS = YES_ERROR;
				CLANG_WARN_QUOTED_INCLUDE_IN_FRAMEWORK_HEADER = YES;
				CLANG_WARN_RANGE_LOOP_ANALYSIS = YES;
				CLANG_WARN_STRICT_PROTOTYPES = YES;
				CLANG_WARN_SUSPICIOUS_MOVE = YES;
				CLANG_WARN_UNGUARDED_AVAILABILITY = YES_AGGRESSIVE;
				CLANG_WARN_UNREACHABLE_CODE = YES;
				CLANG_WARN__DUPLICATE_METHOD_MATCH = YES;
				COPY_PHASE_STRIP = NO;
				DEBUG_INFORMATION_FORMAT = "dwarf-with-dsym";
				ENABLE_NS_ASSERTIONS = NO;
				ENABLE_STRICT_OBJC_MSGSEND = YES;
				GCC_C_LANGUAGE_STANDARD = gnu11;
				GCC_NO_COMMON_BLOCKS = YES;
				GCC_WARN_64_TO_32_BIT_CONVERSION = YES;
				GCC_WARN_ABOUT_RETURN_TYPE = YES_ERROR;
				GCC_WARN_UNDECLARED_SELECTOR = YES;
				GCC_WARN_UNINITIALIZED_AUTOS = YES_AGGRESSIVE;
				GCC_WARN_UNUSED_FUNCTION = YES;
				GCC_WARN_UNUSED_VARIABLE = YES;
				IPHONEOS_DEPLOYMENT_TARGET = 15.2;
				MTL_ENABLE_DEBUG_INFO = NO;
				MTL_FAST_MATH = YES;
				SDKROOT = iphoneos;
				SWIFT_COMPILATION_MODE = wholemodule;
				SWIFT_OPTIMIZATION_LEVEL = "-O";
				VALIDATE_PRODUCT = YES;
			};
			name = Release;
		};
		757A75CC27C12B8600178236 /* Debug */ = {
			isa = XCBuildConfiguration;
			buildSettings = {
				ASSETCATALOG_COMPILER_APPICON_NAME = AppIcon;
				ASSETCATALOG_COMPILER_GLOBAL_ACCENT_COLOR_NAME = AccentColor;
				CODE_SIGN_STYLE = Automatic;
				CURRENT_PROJECT_VERSION = 1;
				DEVELOPMENT_TEAM = 3NDPBHQ9PJ;
				GENERATE_INFOPLIST_FILE = YES;
				INFOPLIST_FILE = CoreDataLesson/Info.plist;
				INFOPLIST_KEY_UIApplicationSupportsIndirectInputEvents = YES;
				INFOPLIST_KEY_UILaunchStoryboardName = LaunchScreen;
				INFOPLIST_KEY_UIMainStoryboardFile = Main;
				INFOPLIST_KEY_UISupportedInterfaceOrientations_iPad = "UIInterfaceOrientationPortrait UIInterfaceOrientationPortraitUpsideDown UIInterfaceOrientationLandscapeLeft UIInterfaceOrientationLandscapeRight";
				INFOPLIST_KEY_UISupportedInterfaceOrientations_iPhone = "UIInterfaceOrientationPortrait UIInterfaceOrientationLandscapeLeft UIInterfaceOrientationLandscapeRight";
				LD_RUNPATH_SEARCH_PATHS = (
					"$(inherited)",
					"@executable_path/Frameworks",
				);
				MARKETING_VERSION = 1.0;
				PRODUCT_BUNDLE_IDENTIFIER = ru.ArturDokhno.CoreDataLesson;
				PRODUCT_NAME = "$(TARGET_NAME)";
				SWIFT_EMIT_LOC_STRINGS = YES;
				SWIFT_VERSION = 5.0;
				TARGETED_DEVICE_FAMILY = "1,2";
			};
			name = Debug;
		};
		757A75CD27C12B8600178236 /* Release */ = {
			isa = XCBuildConfiguration;
			buildSettings = {
				ASSETCATALOG_COMPILER_APPICON_NAME = AppIcon;
				ASSETCATALOG_COMPILER_GLOBAL_ACCENT_COLOR_NAME = AccentColor;
				CODE_SIGN_STYLE = Automatic;
				CURRENT_PROJECT_VERSION = 1;
				DEVELOPMENT_TEAM = 3NDPBHQ9PJ;
				GENERATE_INFOPLIST_FILE = YES;
				INFOPLIST_FILE = CoreDataLesson/Info.plist;
				INFOPLIST_KEY_UIApplicationSupportsIndirectInputEvents = YES;
				INFOPLIST_KEY_UILaunchStoryboardName = LaunchScreen;
				INFOPLIST_KEY_UIMainStoryboardFile = Main;
				INFOPLIST_KEY_UISupportedInterfaceOrientations_iPad = "UIInterfaceOrientationPortrait UIInterfaceOrientationPortraitUpsideDown UIInterfaceOrientationLandscapeLeft UIInterfaceOrientationLandscapeRight";
				INFOPLIST_KEY_UISupportedInterfaceOrientations_iPhone = "UIInterfaceOrientationPortrait UIInterfaceOrientationLandscapeLeft UIInterfaceOrientationLandscapeRight";
				LD_RUNPATH_SEARCH_PATHS = (
					"$(inherited)",
					"@executable_path/Frameworks",
				);
				MARKETING_VERSION = 1.0;
				PRODUCT_BUNDLE_IDENTIFIER = ru.ArturDokhno.CoreDataLesson;
				PRODUCT_NAME = "$(TARGET_NAME)";
				SWIFT_EMIT_LOC_STRINGS = YES;
				SWIFT_VERSION = 5.0;
				TARGETED_DEVICE_FAMILY = "1,2";
			};
			name = Release;
		};
/* End XCBuildConfiguration section */

/* Begin XCConfigurationList section */
		757A75AF27C12B8500178236 /* Build configuration list for PBXProject "CoreDataLesson" */ = {
			isa = XCConfigurationList;
			buildConfigurations = (
				757A75C927C12B8600178236 /* Debug */,
				757A75CA27C12B8600178236 /* Release */,
			);
			defaultConfigurationIsVisible = 0;
			defaultConfigurationName = Release;
		};
		757A75CB27C12B8600178236 /* Build configuration list for PBXNativeTarget "CoreDataLesson" */ = {
			isa = XCConfigurationList;
			buildConfigurations = (
				757A75CC27C12B8600178236 /* Debug */,
				757A75CD27C12B8600178236 /* Release */,
			);
			defaultConfigurationIsVisible = 0;
			defaultConfigurationName = Release;
		};
/* End XCConfigurationList section */

/* Begin XCVersionGroup section */
		757A75C027C12B8500178236 /* CoreDataLesson.xcdatamodeld */ = {
			isa = XCVersionGroup;
			children = (
				757A75C127C12B8500178236 /* CoreDataLesson.xcdatamodel */,
			);
			currentVersion = 757A75C127C12B8500178236 /* CoreDataLesson.xcdatamodel */;
			path = CoreDataLesson.xcdatamodeld;
			sourceTree = "<group>";
			versionGroupType = wrapper.xcdatamodel;
		};
/* End XCVersionGroup section */
	};
	rootObject = 757A75AC27C12B8500178236 /* Project object */;
}
